
Microsoft Visual Studio Solution File, Format Version 12.00
# Visual Studio Version 17
VisualStudioVersion = 17.10.35027.167
MinimumVisualStudioVersion = 10.0.40219.1
Project("{2150E333-8FDC-42A3-9474-1A3956D46DE8}") = "src", "src", "{D42FB34A-57C4-4668-9A86-DD145BBB7A98}"
EndProject
Project("{2150E333-8FDC-42A3-9474-1A3956D46DE8}") = "BuildingBlocks", "BuildingBlocks", "{FC83FD74-3742-4C0D-AFA2-B5FEE27DFA47}"
EndProject
Project("{2150E333-8FDC-42A3-9474-1A3956D46DE8}") = "Services", "Services", "{AE77C73D-41F3-4DCA-B286-0B3A709C6F92}"
EndProject
Project("{2150E333-8FDC-42A3-9474-1A3956D46DE8}") = "Web", "Web", "{90B1B2E1-2F0A-4C98-9155-75E897032D85}"
EndProject
Project("{2150E333-8FDC-42A3-9474-1A3956D46DE8}") = "Identidade", "Identidade", "{1923AD03-B0F0-49BF-919F-A80483D16639}"
EndProject
Project("{9A19103F-16F7-4668-BE54-9A1E7A4F7556}") = "NSI.Identidade.API", "src\services\NSI.Identidade.API\NSI.Identidade.API.csproj", "{A494054B-1854-47F1-859B-C1C326052074}"
EndProject
Project("{2150E333-8FDC-42A3-9474-1A3956D46DE8}") = "MVC", "MVC", "{AA84177D-3B30-4B4F-AEA9-FBC231CD204A}"
EndProject
Project("{F2A71F9B-5D33-465A-A702-920D77279786}") = "NSI.WebApp.MVC", "src\web\NSI.WebApp.MVC\NSI.WebApp.MVC.fsproj", "{25C2E8CD-AC32-495C-9BE5-A6BA14EE5D05}"
EndProject
Project("{2150E333-8FDC-42A3-9474-1A3956D46DE8}") = "Core", "Core", "{BCB7D061-94DD-499E-91AF-14C18DD548B0}"
EndProject
Project("{FAE04EC0-301F-11D3-BF4B-00C04F79EFBC}") = "NSI.Core", "src\buildingblocks\NSI.Core\NSI.Core.csproj", "{89F5E652-F15F-40CE-B46F-AFD6504013F5}"
EndProject
Project("{2150E333-8FDC-42A3-9474-1A3956D46DE8}") = "Carrinho", "Carrinho", "{1287A40C-1A94-4357-87AD-825B43BCB0D5}"
EndProject
Project("{FAE04EC0-301F-11D3-BF4B-00C04F79EFBC}") = "NSI.Carrinho.API", "src\services\NSI.Carrinho.API\NSI.Carrinho.API.csproj", "{A38995FB-D78A-47A0-8B2F-8F4308E7CC0E}"
EndProject
Project("{2150E333-8FDC-42A3-9474-1A3956D46DE8}") = "Catalogo", "Catalogo", "{37F3A207-94D8-48DF-AD76-DEA67D5F552F}"
EndProject
Project("{2150E333-8FDC-42A3-9474-1A3956D46DE8}") = "Cliente", "Cliente", "{52C76729-6C09-40DE-93FD-E3D96FEC8974}"
EndProject
Project("{2150E333-8FDC-42A3-9474-1A3956D46DE8}") = "Pagamento", "Pagamento", "{DCE9BBBF-CF74-4C18-AAD3-F1819C1E3D63}"
EndProject
Project("{2150E333-8FDC-42A3-9474-1A3956D46DE8}") = "Pedido", "Pedido", "{1F8449B6-DEAE-44CF-BE07-BC783935AE1D}"
EndProject
Project("{FAE04EC0-301F-11D3-BF4B-00C04F79EFBC}") = "NSI.Cliente.API", "src\services\NSI.Cliente.API\NSI.Cliente.API.csproj", "{B6B041B0-9FAF-413F-832D-A46DE649272D}"
EndProject
Project("{FAE04EC0-301F-11D3-BF4B-00C04F79EFBC}") = "NSI.Catalogo.API", "src\services\NSI.Catalogo.API\NSI.Catalogo.API.csproj", "{732D12F4-96CC-480E-81CF-806A61FED0B0}"
EndProject
Project("{FAE04EC0-301F-11D3-BF4B-00C04F79EFBC}") = "NSI.Pagamento.API", "src\services\NSI.Pagamento.API\NSI.Pagamento.API.csproj", "{195E1D38-52C1-4BA6-B53B-73A6AA8678C6}"
EndProject
Project("{FAE04EC0-301F-11D3-BF4B-00C04F79EFBC}") = "NSI.Pedido.API", "src\services\NSI.Pedido.API\NSI.Pedido.API.csproj", "{22100012-11FA-4A91-9381-04CEAA2D6AA4}"
EndProject
Global
	GlobalSection(SolutionConfigurationPlatforms) = preSolution
		Debug|Any CPU = Debug|Any CPU
		Release|Any CPU = Release|Any CPU
	EndGlobalSection
	GlobalSection(ProjectConfigurationPlatforms) = postSolution
		{A494054B-1854-47F1-859B-C1C326052074}.Debug|Any CPU.ActiveCfg = Debug|Any CPU
		{A494054B-1854-47F1-859B-C1C326052074}.Debug|Any CPU.Build.0 = Debug|Any CPU
		{A494054B-1854-47F1-859B-C1C326052074}.Release|Any CPU.ActiveCfg = Release|Any CPU
		{A494054B-1854-47F1-859B-C1C326052074}.Release|Any CPU.Build.0 = Release|Any CPU
		{25C2E8CD-AC32-495C-9BE5-A6BA14EE5D05}.Debug|Any CPU.ActiveCfg = Debug|Any CPU
		{25C2E8CD-AC32-495C-9BE5-A6BA14EE5D05}.Debug|Any CPU.Build.0 = Debug|Any CPU
		{25C2E8CD-AC32-495C-9BE5-A6BA14EE5D05}.Release|Any CPU.ActiveCfg = Release|Any CPU
		{25C2E8CD-AC32-495C-9BE5-A6BA14EE5D05}.Release|Any CPU.Build.0 = Release|Any CPU
		{89F5E652-F15F-40CE-B46F-AFD6504013F5}.Debug|Any CPU.ActiveCfg = Debug|Any CPU
		{89F5E652-F15F-40CE-B46F-AFD6504013F5}.Debug|Any CPU.Build.0 = Debug|Any CPU
		{89F5E652-F15F-40CE-B46F-AFD6504013F5}.Release|Any CPU.ActiveCfg = Release|Any CPU
		{89F5E652-F15F-40CE-B46F-AFD6504013F5}.Release|Any CPU.Build.0 = Release|Any CPU
		{A38995FB-D78A-47A0-8B2F-8F4308E7CC0E}.Debug|Any CPU.ActiveCfg = Debug|Any CPU
		{A38995FB-D78A-47A0-8B2F-8F4308E7CC0E}.Debug|Any CPU.Build.0 = Debug|Any CPU
		{A38995FB-D78A-47A0-8B2F-8F4308E7CC0E}.Release|Any CPU.ActiveCfg = Release|Any CPU
		{A38995FB-D78A-47A0-8B2F-8F4308E7CC0E}.Release|Any CPU.Build.0 = Release|Any CPU
		{B6B041B0-9FAF-413F-832D-A46DE649272D}.Debug|Any CPU.ActiveCfg = Debug|Any CPU
		{B6B041B0-9FAF-413F-832D-A46DE649272D}.Debug|Any CPU.Build.0 = Debug|Any CPU
		{B6B041B0-9FAF-413F-832D-A46DE649272D}.Release|Any CPU.ActiveCfg = Release|Any CPU
		{B6B041B0-9FAF-413F-832D-A46DE649272D}.Release|Any CPU.Build.0 = Release|Any CPU
		{732D12F4-96CC-480E-81CF-806A61FED0B0}.Debug|Any CPU.ActiveCfg = Debug|Any CPU
		{732D12F4-96CC-480E-81CF-806A61FED0B0}.Debug|Any CPU.Build.0 = Debug|Any CPU
		{732D12F4-96CC-480E-81CF-806A61FED0B0}.Release|Any CPU.ActiveCfg = Release|Any CPU
		{732D12F4-96CC-480E-81CF-806A61FED0B0}.Release|Any CPU.Build.0 = Release|Any CPU
		{195E1D38-52C1-4BA6-B53B-73A6AA8678C6}.Debug|Any CPU.ActiveCfg = Debug|Any CPU
		{195E1D38-52C1-4BA6-B53B-73A6AA8678C6}.Debug|Any CPU.Build.0 = Debug|Any CPU
		{195E1D38-52C1-4BA6-B53B-73A6AA8678C6}.Release|Any CPU.ActiveCfg = Release|Any CPU
		{195E1D38-52C1-4BA6-B53B-73A6AA8678C6}.Release|Any CPU.Build.0 = Release|Any CPU
		{22100012-11FA-4A91-9381-04CEAA2D6AA4}.Debug|Any CPU.ActiveCfg = Debug|Any CPU
		{22100012-11FA-4A91-9381-04CEAA2D6AA4}.Debug|Any CPU.Build.0 = Debug|Any CPU
		{22100012-11FA-4A91-9381-04CEAA2D6AA4}.Release|Any CPU.ActiveCfg = Release|Any CPU
		{22100012-11FA-4A91-9381-04CEAA2D6AA4}.Release|Any CPU.Build.0 = Release|Any CPU
	EndGlobalSection
	GlobalSection(SolutionProperties) = preSolution
		HideSolutionNode = FALSE
	EndGlobalSection
	GlobalSection(NestedProjects) = preSolution
		{FC83FD74-3742-4C0D-AFA2-B5FEE27DFA47} = {D42FB34A-57C4-4668-9A86-DD145BBB7A98}
		{AE77C73D-41F3-4DCA-B286-0B3A709C6F92} = {D42FB34A-57C4-4668-9A86-DD145BBB7A98}
		{90B1B2E1-2F0A-4C98-9155-75E897032D85} = {D42FB34A-57C4-4668-9A86-DD145BBB7A98}
		{1923AD03-B0F0-49BF-919F-A80483D16639} = {AE77C73D-41F3-4DCA-B286-0B3A709C6F92}
		{A494054B-1854-47F1-859B-C1C326052074} = {1923AD03-B0F0-49BF-919F-A80483D16639}
		{AA84177D-3B30-4B4F-AEA9-FBC231CD204A} = {90B1B2E1-2F0A-4C98-9155-75E897032D85}
		{25C2E8CD-AC32-495C-9BE5-A6BA14EE5D05} = {AA84177D-3B30-4B4F-AEA9-FBC231CD204A}
		{BCB7D061-94DD-499E-91AF-14C18DD548B0} = {FC83FD74-3742-4C0D-AFA2-B5FEE27DFA47}
		{89F5E652-F15F-40CE-B46F-AFD6504013F5} = {BCB7D061-94DD-499E-91AF-14C18DD548B0}
		{1287A40C-1A94-4357-87AD-825B43BCB0D5} = {AE77C73D-41F3-4DCA-B286-0B3A709C6F92}
		{A38995FB-D78A-47A0-8B2F-8F4308E7CC0E} = {1287A40C-1A94-4357-87AD-825B43BCB0D5}
		{37F3A207-94D8-48DF-AD76-DEA67D5F552F} = {AE77C73D-41F3-4DCA-B286-0B3A709C6F92}
		{52C76729-6C09-40DE-93FD-E3D96FEC8974} = {AE77C73D-41F3-4DCA-B286-0B3A709C6F92}
		{DCE9BBBF-CF74-4C18-AAD3-F1819C1E3D63} = {AE77C73D-41F3-4DCA-B286-0B3A709C6F92}
		{1F8449B6-DEAE-44CF-BE07-BC783935AE1D} = {AE77C73D-41F3-4DCA-B286-0B3A709C6F92}
		{B6B041B0-9FAF-413F-832D-A46DE649272D} = {52C76729-6C09-40DE-93FD-E3D96FEC8974}
		{732D12F4-96CC-480E-81CF-806A61FED0B0} = {37F3A207-94D8-48DF-AD76-DEA67D5F552F}
		{195E1D38-52C1-4BA6-B53B-73A6AA8678C6} = {DCE9BBBF-CF74-4C18-AAD3-F1819C1E3D63}
		{22100012-11FA-4A91-9381-04CEAA2D6AA4} = {1F8449B6-DEAE-44CF-BE07-BC783935AE1D}
	EndGlobalSection
	GlobalSection(ExtensibilityGlobals) = postSolution
		SolutionGuid = {BCCFA9CC-A8B3-4806-A369-B375A5506650}
	EndGlobalSection
EndGlobal
